
Microsoft Visual Studio Solution File, Format Version 12.00
# Visual Studio Version 17
VisualStudioVersion = 17.12.35527.113
MinimumVisualStudioVersion = 10.0.40219.1
Project("{FAE04EC0-301F-11D3-BF4B-00C04F79EFBC}") = "DSA", "DSA.csproj", "{AF53195F-531A-4C07-B2C7-1421E7387794}"
EndProject
Project("{FAE04EC0-301F-11D3-BF4B-00C04F79EFBC}") = "SearchAlgorithm", "..\Users\chuong.nguyen\OneDrive - Orient\SearchAlgorithm\SearchAlgorithm.csproj", "{35CE9DAF-E203-49C7-9DCA-EE0C0F209F33}"
EndProject
Project("{2150E333-8FDC-42A3-9474-1A3956D46DE8}") = "Array", "Array", "{FD8108B3-4917-4B6B-BAD1-DE0595F6DC94}"
EndProject
Project("{2150E333-8FDC-42A3-9474-1A3956D46DE8}") = "Search", "Search", "{72711CAC-865C-4BB8-AB81-2510AC10A4E5}"
EndProject
Global
	GlobalSection(SolutionConfigurationPlatforms) = preSolution
		Debug|Any CPU = Debug|Any CPU
		Release|Any CPU = Release|Any CPU
	EndGlobalSection
	GlobalSection(ProjectConfigurationPlatforms) = postSolution
		{AF53195F-531A-4C07-B2C7-1421E7387794}.Debug|Any CPU.ActiveCfg = Debug|Any CPU
		{AF53195F-531A-4C07-B2C7-1421E7387794}.Debug|Any CPU.Build.0 = Debug|Any CPU
		{AF53195F-531A-4C07-B2C7-1421E7387794}.Release|Any CPU.ActiveCfg = Release|Any CPU
		{AF53195F-531A-4C07-B2C7-1421E7387794}.Release|Any CPU.Build.0 = Release|Any CPU
		{35CE9DAF-E203-49C7-9DCA-EE0C0F209F33}.Debug|Any CPU.ActiveCfg = Debug|Any CPU
		{35CE9DAF-E203-49C7-9DCA-EE0C0F209F33}.Debug|Any CPU.Build.0 = Debug|Any CPU
		{35CE9DAF-E203-49C7-9DCA-EE0C0F209F33}.Release|Any CPU.ActiveCfg = Release|Any CPU
		{35CE9DAF-E203-49C7-9DCA-EE0C0F209F33}.Release|Any CPU.Build.0 = Release|Any CPU
	EndGlobalSection
	GlobalSection(SolutionProperties) = preSolution
		HideSolutionNode = FALSE
	EndGlobalSection
	GlobalSection(NestedProjects) = preSolution
		{AF53195F-531A-4C07-B2C7-1421E7387794} = {FD8108B3-4917-4B6B-BAD1-DE0595F6DC94}
		{35CE9DAF-E203-49C7-9DCA-EE0C0F209F33} = {72711CAC-865C-4BB8-AB81-2510AC10A4E5}
	EndGlobalSection
EndGlobal
